// !$*UTF8*$!
{
	archiveVersion = 1;
	classes = {
	};
	objectVersion = 47;
	objects = {

/* Begin PBXBuildFile section */
		A72293361B983CAC00CCF6E8 /* AppDelegate.swift in Sources */ = {isa = PBXBuildFile; fileRef = A72293351B983CAC00CCF6E8 /* AppDelegate.swift */; };
		A72293381B983CAC00CCF6E8 /* FirstViewController.swift in Sources */ = {isa = PBXBuildFile; fileRef = A72293371B983CAC00CCF6E8 /* FirstViewController.swift */; };
		A722933A1B983CAC00CCF6E8 /* SecondViewController.swift in Sources */ = {isa = PBXBuildFile; fileRef = A72293391B983CAC00CCF6E8 /* SecondViewController.swift */; };
		A722933D1B983CAC00CCF6E8 /* Main.storyboard in Resources */ = {isa = PBXBuildFile; fileRef = A722933B1B983CAC00CCF6E8 /* Main.storyboard */; };
		A72293421B983CAC00CCF6E8 /* LaunchScreen.xib in Resources */ = {isa = PBXBuildFile; fileRef = A72293401B983CAC00CCF6E8 /* LaunchScreen.xib */; };
		A722934E1B983CAC00CCF6E8 /* GeoCompassTests.swift in Sources */ = {isa = PBXBuildFile; fileRef = A722934D1B983CAC00CCF6E8 /* GeoCompassTests.swift */; };
		A72293581B98619800CCF6E8 /* CoreMotion.framework in Frameworks */ = {isa = PBXBuildFile; fileRef = A72293571B98619800CCF6E8 /* CoreMotion.framework */; };
		A72293671B99C66A00CCF6E8 /* VectorMath in Resources */ = {isa = PBXBuildFile; fileRef = A72293661B99C66A00CCF6E8 /* VectorMath */; };
		A722936B1B99CFA100CCF6E8 /* CoreLocation.framework in Frameworks */ = {isa = PBXBuildFile; fileRef = A72293681B99CFA100CCF6E8 /* CoreLocation.framework */; };
		A722936C1B99CFA100CCF6E8 /* MapKit.framework in Frameworks */ = {isa = PBXBuildFile; fileRef = A72293691B99CFA100CCF6E8 /* MapKit.framework */; };
		A722936D1B99CFA100CCF6E8 /* UIKit.framework in Frameworks */ = {isa = PBXBuildFile; fileRef = A722936A1B99CFA100CCF6E8 /* UIKit.framework */; };
		A72293791B9ADCC000CCF6E8 /* Images.xcassets in Resources */ = {isa = PBXBuildFile; fileRef = A72293781B9ADCC000CCF6E8 /* Images.xcassets */; };
		A722937B1B9ADD8E00CCF6E8 /* icon.png in Resources */ = {isa = PBXBuildFile; fileRef = A722937A1B9ADD8E00CCF6E8 /* icon.png */; };
		A722937F1B9C35C300CCF6E8 /* VectorMath.swift in Sources */ = {isa = PBXBuildFile; fileRef = A722937C1B9C35C300CCF6E8 /* VectorMath.swift */; };
		A72293801B9C35C300CCF6E8 /* VectorMath+Quartz.swift in Sources */ = {isa = PBXBuildFile; fileRef = A722937D1B9C35C300CCF6E8 /* VectorMath+Quartz.swift */; };
		A72293811B9C35C300CCF6E8 /* VectorMath+SceneKit.swift in Sources */ = {isa = PBXBuildFile; fileRef = A722937E1B9C35C300CCF6E8 /* VectorMath+SceneKit.swift */; };
		A72293831BA0985900CCF6E8 /* ThirdViewController.swift in Sources */ = {isa = PBXBuildFile; fileRef = A72293821BA0985900CCF6E8 /* ThirdViewController.swift */; };
		A72293851BA18BB600CCF6E8 /* CoreData.framework in Frameworks */ = {isa = PBXBuildFile; fileRef = A72293841BA18BB600CCF6E8 /* CoreData.framework */; };
		A731A05D1BAC77B4008C5966 /* NewsCoreDataController.swift in Sources */ = {isa = PBXBuildFile; fileRef = A731A05C1BAC77B4008C5966 /* NewsCoreDataController.swift */; };
		A731A05F1BAC79A0008C5966 /* CoreDataHelper.swift in Sources */ = {isa = PBXBuildFile; fileRef = A731A05E1BAC79A0008C5966 /* CoreDataHelper.swift */; };
		A731A0611BAC79BC008C5966 /* CoreDataStore.swift in Sources */ = {isa = PBXBuildFile; fileRef = A731A0601BAC79BC008C5966 /* CoreDataStore.swift */; };
		A743D9301BEE6FCC00624737 /* SecondViewEditLineController.swift in Sources */ = {isa = PBXBuildFile; fileRef = A743D92F1BEE6FCC00624737 /* SecondViewEditLineController.swift */; };
		A758CA4A1BE66CB60043A637 /* SurfaceData.swift in Sources */ = {isa = PBXBuildFile; fileRef = A758CA451BE66CB60043A637 /* SurfaceData.swift */; };
		A758CA4B1BE66CB60043A637 /* LineData.swift in Sources */ = {isa = PBXBuildFile; fileRef = A758CA461BE66CB60043A637 /* LineData.swift */; };
		A758CA4C1BE66CB60043A637 /* LineImage.swift in Sources */ = {isa = PBXBuildFile; fileRef = A758CA471BE66CB60043A637 /* LineImage.swift */; };
		A758CA4D1BE66CB60043A637 /* SurfaceImage.swift in Sources */ = {isa = PBXBuildFile; fileRef = A758CA481BE66CB60043A637 /* SurfaceImage.swift */; };
		A76406B21BAECC3E00256D1B /* Data.plist in Resources */ = {isa = PBXBuildFile; fileRef = A76406B11BAECC3E00256D1B /* Data.plist */; };
		A794CF721BA82BCB00A64365 /* Model.xcdatamodeld in Sources */ = {isa = PBXBuildFile; fileRef = A794CF701BA82BCB00A64365 /* Model.xcdatamodeld */; };
		A7AE53171BEA18F50077B630 /* SecondViewDetailController.swift in Sources */ = {isa = PBXBuildFile; fileRef = A7AE53161BEA18F50077B630 /* SecondViewDetailController.swift */; };
		A7AE53191BEA33900077B630 /* SecondViewEditSurfaceController.swift in Sources */ = {isa = PBXBuildFile; fileRef = A7AE53181BEA33900077B630 /* SecondViewEditSurfaceController.swift */; };
/* End PBXBuildFile section */

/* Begin PBXContainerItemProxy section */
		A72293481B983CAC00CCF6E8 /* PBXContainerItemProxy */ = {
			isa = PBXContainerItemProxy;
			containerPortal = A72293281B983CAC00CCF6E8 /* Project object */;
			proxyType = 1;
			remoteGlobalIDString = A722932F1B983CAC00CCF6E8;
			remoteInfo = GeoCompass;
		};
/* End PBXContainerItemProxy section */

/* Begin PBXFileReference section */
		A72293301B983CAC00CCF6E8 /* GeoCompass.app */ = {isa = PBXFileReference; explicitFileType = wrapper.application; includeInIndex = 0; path = GeoCompass.app; sourceTree = BUILT_PRODUCTS_DIR; };
		A72293341B983CAC00CCF6E8 /* Info.plist */ = {isa = PBXFileReference; lastKnownFileType = text.plist.xml; path = Info.plist; sourceTree = "<group>"; };
		A72293351B983CAC00CCF6E8 /* AppDelegate.swift */ = {isa = PBXFileReference; lastKnownFileType = sourcecode.swift; path = AppDelegate.swift; sourceTree = "<group>"; };
		A72293371B983CAC00CCF6E8 /* FirstViewController.swift */ = {isa = PBXFileReference; lastKnownFileType = sourcecode.swift; path = FirstViewController.swift; sourceTree = "<group>"; };
		A72293391B983CAC00CCF6E8 /* SecondViewController.swift */ = {isa = PBXFileReference; lastKnownFileType = sourcecode.swift; path = SecondViewController.swift; sourceTree = "<group>"; };
		A722933C1B983CAC00CCF6E8 /* Base */ = {isa = PBXFileReference; lastKnownFileType = file.storyboard; name = Base; path = Base.lproj/Main.storyboard; sourceTree = "<group>"; };
		A72293411B983CAC00CCF6E8 /* Base */ = {isa = PBXFileReference; lastKnownFileType = file.xib; name = Base; path = Base.lproj/LaunchScreen.xib; sourceTree = "<group>"; };
		A72293471B983CAC00CCF6E8 /* GeoCompassTests.xctest */ = {isa = PBXFileReference; explicitFileType = wrapper.cfbundle; includeInIndex = 0; path = GeoCompassTests.xctest; sourceTree = BUILT_PRODUCTS_DIR; };
		A722934C1B983CAC00CCF6E8 /* Info.plist */ = {isa = PBXFileReference; lastKnownFileType = text.plist.xml; path = Info.plist; sourceTree = "<group>"; };
		A722934D1B983CAC00CCF6E8 /* GeoCompassTests.swift */ = {isa = PBXFileReference; lastKnownFileType = sourcecode.swift; path = GeoCompassTests.swift; sourceTree = "<group>"; };
		A72293571B98619800CCF6E8 /* CoreMotion.framework */ = {isa = PBXFileReference; lastKnownFileType = wrapper.framework; name = CoreMotion.framework; path = System/Library/Frameworks/CoreMotion.framework; sourceTree = SDKROOT; };
		A72293661B99C66A00CCF6E8 /* VectorMath */ = {isa = PBXFileReference; lastKnownFileType = folder; path = VectorMath; sourceTree = "<group>"; };
		A72293681B99CFA100CCF6E8 /* CoreLocation.framework */ = {isa = PBXFileReference; lastKnownFileType = wrapper.framework; name = CoreLocation.framework; path = System/Library/Frameworks/CoreLocation.framework; sourceTree = SDKROOT; };
		A72293691B99CFA100CCF6E8 /* MapKit.framework */ = {isa = PBXFileReference; lastKnownFileType = wrapper.framework; name = MapKit.framework; path = System/Library/Frameworks/MapKit.framework; sourceTree = SDKROOT; };
		A722936A1B99CFA100CCF6E8 /* UIKit.framework */ = {isa = PBXFileReference; lastKnownFileType = wrapper.framework; name = UIKit.framework; path = System/Library/Frameworks/UIKit.framework; sourceTree = SDKROOT; };
		A722936F1B99D9EC00CCF6E8 /* GeoCompass-Bridging-Header.h */ = {isa = PBXFileReference; fileEncoding = 4; lastKnownFileType = sourcecode.c.h; path = "GeoCompass-Bridging-Header.h"; sourceTree = "<group>"; };
		A72293781B9ADCC000CCF6E8 /* Images.xcassets */ = {isa = PBXFileReference; lastKnownFileType = folder.assetcatalog; name = Images.xcassets; path = GeoCompass/Images.xcassets; sourceTree = "<group>"; };
		A722937A1B9ADD8E00CCF6E8 /* icon.png */ = {isa = PBXFileReference; lastKnownFileType = image.png; name = icon.png; path = GeoCompass/Images.xcassets/icon.imageset/icon.png; sourceTree = "<group>"; };
		A722937C1B9C35C300CCF6E8 /* VectorMath.swift */ = {isa = PBXFileReference; fileEncoding = 4; lastKnownFileType = sourcecode.swift; path = VectorMath.swift; sourceTree = "<group>"; };
		A722937D1B9C35C300CCF6E8 /* VectorMath+Quartz.swift */ = {isa = PBXFileReference; fileEncoding = 4; lastKnownFileType = sourcecode.swift; path = "VectorMath+Quartz.swift"; sourceTree = "<group>"; };
		A722937E1B9C35C300CCF6E8 /* VectorMath+SceneKit.swift */ = {isa = PBXFileReference; fileEncoding = 4; lastKnownFileType = sourcecode.swift; path = "VectorMath+SceneKit.swift"; sourceTree = "<group>"; };
		A72293821BA0985900CCF6E8 /* ThirdViewController.swift */ = {isa = PBXFileReference; fileEncoding = 4; lastKnownFileType = sourcecode.swift; path = ThirdViewController.swift; sourceTree = "<group>"; };
		A72293841BA18BB600CCF6E8 /* CoreData.framework */ = {isa = PBXFileReference; lastKnownFileType = wrapper.framework; name = CoreData.framework; path = System/Library/Frameworks/CoreData.framework; sourceTree = SDKROOT; };
		A731A05C1BAC77B4008C5966 /* NewsCoreDataController.swift */ = {isa = PBXFileReference; fileEncoding = 4; lastKnownFileType = sourcecode.swift; path = NewsCoreDataController.swift; sourceTree = "<group>"; };
		A731A05E1BAC79A0008C5966 /* CoreDataHelper.swift */ = {isa = PBXFileReference; fileEncoding = 4; lastKnownFileType = sourcecode.swift; path = CoreDataHelper.swift; sourceTree = "<group>"; };
		A731A0601BAC79BC008C5966 /* CoreDataStore.swift */ = {isa = PBXFileReference; fileEncoding = 4; lastKnownFileType = sourcecode.swift; path = CoreDataStore.swift; sourceTree = "<group>"; };
		A743D92F1BEE6FCC00624737 /* SecondViewEditLineController.swift */ = {isa = PBXFileReference; fileEncoding = 4; lastKnownFileType = sourcecode.swift; path = SecondViewEditLineController.swift; sourceTree = "<group>"; };
		A758CA451BE66CB60043A637 /* SurfaceData.swift */ = {isa = PBXFileReference; fileEncoding = 4; lastKnownFileType = sourcecode.swift; name = SurfaceData.swift; path = ../GeoCompass/datamodel/SurfaceData.swift; sourceTree = "<group>"; };
		A758CA461BE66CB60043A637 /* LineData.swift */ = {isa = PBXFileReference; fileEncoding = 4; lastKnownFileType = sourcecode.swift; name = LineData.swift; path = ../GeoCompass/datamodel/LineData.swift; sourceTree = "<group>"; };
		A758CA471BE66CB60043A637 /* LineImage.swift */ = {isa = PBXFileReference; fileEncoding = 4; lastKnownFileType = sourcecode.swift; name = LineImage.swift; path = ../GeoCompass/datamodel/LineImage.swift; sourceTree = "<group>"; };
		A758CA481BE66CB60043A637 /* SurfaceImage.swift */ = {isa = PBXFileReference; fileEncoding = 4; lastKnownFileType = sourcecode.swift; name = SurfaceImage.swift; path = ../GeoCompass/datamodel/SurfaceImage.swift; sourceTree = "<group>"; };
		A76406B11BAECC3E00256D1B /* Data.plist */ = {isa = PBXFileReference; fileEncoding = 4; lastKnownFileType = text.plist.xml; path = Data.plist; sourceTree = "<group>"; };
		A794CF6E1BA82ABC00A64365 /* zh-Hans */ = {isa = PBXFileReference; lastKnownFileType = text.plist.strings; name = "zh-Hans"; path = "zh-Hans.lproj/Main.strings"; sourceTree = "<group>"; };
		A794CF6F1BA82ABC00A64365 /* zh-Hans */ = {isa = PBXFileReference; lastKnownFileType = text.plist.strings; name = "zh-Hans"; path = "zh-Hans.lproj/LaunchScreen.strings"; sourceTree = "<group>"; };
		A794CF711BA82BCB00A64365 /* Model.xcdatamodel */ = {isa = PBXFileReference; lastKnownFileType = wrapper.xcdatamodel; path = Model.xcdatamodel; sourceTree = "<group>"; };
		A7AE53161BEA18F50077B630 /* SecondViewDetailController.swift */ = {isa = PBXFileReference; fileEncoding = 4; lastKnownFileType = sourcecode.swift; path = SecondViewDetailController.swift; sourceTree = "<group>"; };
		A7AE53181BEA33900077B630 /* SecondViewEditSurfaceController.swift */ = {isa = PBXFileReference; fileEncoding = 4; lastKnownFileType = sourcecode.swift; path = SecondViewEditSurfaceController.swift; sourceTree = "<group>"; };
/* End PBXFileReference section */

/* Begin PBXFrameworksBuildPhase section */
		A722932D1B983CAC00CCF6E8 /* Frameworks */ = {
			isa = PBXFrameworksBuildPhase;
			buildActionMask = 2147483647;
			files = (
				A72293851BA18BB600CCF6E8 /* CoreData.framework in Frameworks */,
				A722936B1B99CFA100CCF6E8 /* CoreLocation.framework in Frameworks */,
				A722936C1B99CFA100CCF6E8 /* MapKit.framework in Frameworks */,
				A722936D1B99CFA100CCF6E8 /* UIKit.framework in Frameworks */,
				A72293581B98619800CCF6E8 /* CoreMotion.framework in Frameworks */,
			);
			runOnlyForDeploymentPostprocessing = 0;
		};
		A72293441B983CAC00CCF6E8 /* Frameworks */ = {
			isa = PBXFrameworksBuildPhase;
			buildActionMask = 2147483647;
			files = (
			);
			runOnlyForDeploymentPostprocessing = 0;
		};
/* End PBXFrameworksBuildPhase section */

/* Begin PBXGroup section */
		A72293271B983CAC00CCF6E8 = {
			isa = PBXGroup;
			children = (
				A758CA491BE66CB60043A637 /* datamodel */,
				A722937A1B9ADD8E00CCF6E8 /* icon.png */,
				A722936F1B99D9EC00CCF6E8 /* GeoCompass-Bridging-Header.h */,
				A72293781B9ADCC000CCF6E8 /* Images.xcassets */,
				A722936E1B99CFAC00CCF6E8 /* framework */,
				A72293321B983CAC00CCF6E8 /* GeoCompass */,
				A722934A1B983CAC00CCF6E8 /* GeoCompassTests */,
				A72293311B983CAC00CCF6E8 /* Products */,
				A72293661B99C66A00CCF6E8 /* VectorMath */,
			);
			sourceTree = "<group>";
		};
		A72293311B983CAC00CCF6E8 /* Products */ = {
			isa = PBXGroup;
			children = (
				A72293301B983CAC00CCF6E8 /* GeoCompass.app */,
				A72293471B983CAC00CCF6E8 /* GeoCompassTests.xctest */,
			);
			name = Products;
			sourceTree = "<group>";
		};
		A72293321B983CAC00CCF6E8 /* GeoCompass */ = {
			isa = PBXGroup;
			children = (
				A76406B11BAECC3E00256D1B /* Data.plist */,
				A794CF701BA82BCB00A64365 /* Model.xcdatamodeld */,
				A722937C1B9C35C300CCF6E8 /* VectorMath.swift */,
				A722937D1B9C35C300CCF6E8 /* VectorMath+Quartz.swift */,
				A722937E1B9C35C300CCF6E8 /* VectorMath+SceneKit.swift */,
				A72293351B983CAC00CCF6E8 /* AppDelegate.swift */,
				A72293371B983CAC00CCF6E8 /* FirstViewController.swift */,
				A72293391B983CAC00CCF6E8 /* SecondViewController.swift */,
				A7AE53161BEA18F50077B630 /* SecondViewDetailController.swift */,
				A7AE53181BEA33900077B630 /* SecondViewEditSurfaceController.swift */,
				A743D92F1BEE6FCC00624737 /* SecondViewEditLineController.swift */,
				A72293821BA0985900CCF6E8 /* ThirdViewController.swift */,
				A722933B1B983CAC00CCF6E8 /* Main.storyboard */,
				A72293401B983CAC00CCF6E8 /* LaunchScreen.xib */,
				A72293331B983CAC00CCF6E8 /* Supporting Files */,
				A731A05C1BAC77B4008C5966 /* NewsCoreDataController.swift */,
				A731A05E1BAC79A0008C5966 /* CoreDataHelper.swift */,
				A731A0601BAC79BC008C5966 /* CoreDataStore.swift */,
			);
			path = GeoCompass;
			sourceTree = "<group>";
		};
		A72293331B983CAC00CCF6E8 /* Supporting Files */ = {
			isa = PBXGroup;
			children = (
				A72293341B983CAC00CCF6E8 /* Info.plist */,
			);
			name = "Supporting Files";
			sourceTree = "<group>";
		};
		A722934A1B983CAC00CCF6E8 /* GeoCompassTests */ = {
			isa = PBXGroup;
			children = (
				A722934D1B983CAC00CCF6E8 /* GeoCompassTests.swift */,
				A722934B1B983CAC00CCF6E8 /* Supporting Files */,
			);
			path = GeoCompassTests;
			sourceTree = "<group>";
		};
		A722934B1B983CAC00CCF6E8 /* Supporting Files */ = {
			isa = PBXGroup;
			children = (
				A722934C1B983CAC00CCF6E8 /* Info.plist */,
			);
			name = "Supporting Files";
			sourceTree = "<group>";
		};
		A722936E1B99CFAC00CCF6E8 /* framework */ = {
			isa = PBXGroup;
			children = (
				A72293841BA18BB600CCF6E8 /* CoreData.framework */,
				A72293681B99CFA100CCF6E8 /* CoreLocation.framework */,
				A72293691B99CFA100CCF6E8 /* MapKit.framework */,
				A722936A1B99CFA100CCF6E8 /* UIKit.framework */,
				A72293571B98619800CCF6E8 /* CoreMotion.framework */,
			);
			name = framework;
			sourceTree = "<group>";
		};
		A758CA491BE66CB60043A637 /* datamodel */ = {
			isa = PBXGroup;
			children = (
				A758CA451BE66CB60043A637 /* SurfaceData.swift */,
				A758CA461BE66CB60043A637 /* LineData.swift */,
				A758CA471BE66CB60043A637 /* LineImage.swift */,
				A758CA481BE66CB60043A637 /* SurfaceImage.swift */,
			);
			name = datamodel;
			path = GeoCompass.xcodeproj;
			sourceTree = "<group>";
		};
/* End PBXGroup section */

/* Begin PBXNativeTarget section */
		A722932F1B983CAC00CCF6E8 /* GeoCompass */ = {
			isa = PBXNativeTarget;
			buildConfigurationList = A72293511B983CAC00CCF6E8 /* Build configuration list for PBXNativeTarget "GeoCompass" */;
			buildPhases = (
				A722932C1B983CAC00CCF6E8 /* Sources */,
				A722932D1B983CAC00CCF6E8 /* Frameworks */,
				A722932E1B983CAC00CCF6E8 /* Resources */,
			);
			buildRules = (
			);
			dependencies = (
			);
			name = GeoCompass;
			productName = GeoCompass;
			productReference = A72293301B983CAC00CCF6E8 /* GeoCompass.app */;
			productType = "com.apple.product-type.application";
		};
		A72293461B983CAC00CCF6E8 /* GeoCompassTests */ = {
			isa = PBXNativeTarget;
			buildConfigurationList = A72293541B983CAC00CCF6E8 /* Build configuration list for PBXNativeTarget "GeoCompassTests" */;
			buildPhases = (
				A72293431B983CAC00CCF6E8 /* Sources */,
				A72293441B983CAC00CCF6E8 /* Frameworks */,
				A72293451B983CAC00CCF6E8 /* Resources */,
			);
			buildRules = (
			);
			dependencies = (
				A72293491B983CAC00CCF6E8 /* PBXTargetDependency */,
			);
			name = GeoCompassTests;
			productName = GeoCompassTests;
			productReference = A72293471B983CAC00CCF6E8 /* GeoCompassTests.xctest */;
			productType = "com.apple.product-type.bundle.unit-test";
		};
/* End PBXNativeTarget section */

/* Begin PBXProject section */
		A72293281B983CAC00CCF6E8 /* Project object */ = {
			isa = PBXProject;
			attributes = {
				LastUpgradeCheck = 0640;
				ORGANIZATIONNAME = "何嘉";
				TargetAttributes = {
					A722932F1B983CAC00CCF6E8 = {
						CreatedOnToolsVersion = 6.4;
					};
					A72293461B983CAC00CCF6E8 = {
						CreatedOnToolsVersion = 6.4;
						TestTargetID = A722932F1B983CAC00CCF6E8;
					};
				};
			};
			buildConfigurationList = A722932B1B983CAC00CCF6E8 /* Build configuration list for PBXProject "GeoCompass" */;
			compatibilityVersion = "Xcode 6.3";
			developmentRegion = English;
			hasScannedForEncodings = 0;
			knownRegions = (
				en,
				Base,
			);
			mainGroup = A72293271B983CAC00CCF6E8;
			productRefGroup = A72293311B983CAC00CCF6E8 /* Products */;
			projectDirPath = "";
			projectRoot = "";
			targets = (
				A722932F1B983CAC00CCF6E8 /* GeoCompass */,
				A72293461B983CAC00CCF6E8 /* GeoCompassTests */,
			);
		};
/* End PBXProject section */

/* Begin PBXResourcesBuildPhase section */
		A722932E1B983CAC00CCF6E8 /* Resources */ = {
			isa = PBXResourcesBuildPhase;
			buildActionMask = 2147483647;
			files = (
				A76406B21BAECC3E00256D1B /* Data.plist in Resources */,
				A722933D1B983CAC00CCF6E8 /* Main.storyboard in Resources */,
				A722937B1B9ADD8E00CCF6E8 /* icon.png in Resources */,
				A72293791B9ADCC000CCF6E8 /* Images.xcassets in Resources */,
				A72293421B983CAC00CCF6E8 /* LaunchScreen.xib in Resources */,
				A72293671B99C66A00CCF6E8 /* VectorMath in Resources */,
			);
			runOnlyForDeploymentPostprocessing = 0;
		};
		A72293451B983CAC00CCF6E8 /* Resources */ = {
			isa = PBXResourcesBuildPhase;
			buildActionMask = 2147483647;
			files = (
			);
			runOnlyForDeploymentPostprocessing = 0;
		};
/* End PBXResourcesBuildPhase section */

/* Begin PBXSourcesBuildPhase section */
		A722932C1B983CAC00CCF6E8 /* Sources */ = {
			isa = PBXSourcesBuildPhase;
			buildActionMask = 2147483647;
			files = (
				A7AE53191BEA33900077B630 /* SecondViewEditSurfaceController.swift in Sources */,
				A72293801B9C35C300CCF6E8 /* VectorMath+Quartz.swift in Sources */,
				A722937F1B9C35C300CCF6E8 /* VectorMath.swift in Sources */,
				A7AE53171BEA18F50077B630 /* SecondViewDetailController.swift in Sources */,
				A72293811B9C35C300CCF6E8 /* VectorMath+SceneKit.swift in Sources */,
				A794CF721BA82BCB00A64365 /* Model.xcdatamodeld in Sources */,
				A72293831BA0985900CCF6E8 /* ThirdViewController.swift in Sources */,
				A731A0611BAC79BC008C5966 /* CoreDataStore.swift in Sources */,
				A731A05F1BAC79A0008C5966 /* CoreDataHelper.swift in Sources */,
				A758CA4B1BE66CB60043A637 /* LineData.swift in Sources */,
				A758CA4A1BE66CB60043A637 /* SurfaceData.swift in Sources */,
				A758CA4C1BE66CB60043A637 /* LineImage.swift in Sources */,
				A758CA4D1BE66CB60043A637 /* SurfaceImage.swift in Sources */,
				A722933A1B983CAC00CCF6E8 /* SecondViewController.swift in Sources */,
				A72293361B983CAC00CCF6E8 /* AppDelegate.swift in Sources */,
				A731A05D1BAC77B4008C5966 /* NewsCoreDataController.swift in Sources */,
				A743D9301BEE6FCC00624737 /* SecondViewEditLineController.swift in Sources */,
				A72293381B983CAC00CCF6E8 /* FirstViewController.swift in Sources */,
			);
			runOnlyForDeploymentPostprocessing = 0;
		};
		A72293431B983CAC00CCF6E8 /* Sources */ = {
			isa = PBXSourcesBuildPhase;
			buildActionMask = 2147483647;
			files = (
				A722934E1B983CAC00CCF6E8 /* GeoCompassTests.swift in Sources */,
			);
			runOnlyForDeploymentPostprocessing = 0;
		};
/* End PBXSourcesBuildPhase section */

/* Begin PBXTargetDependency section */
		A72293491B983CAC00CCF6E8 /* PBXTargetDependency */ = {
			isa = PBXTargetDependency;
			target = A722932F1B983CAC00CCF6E8 /* GeoCompass */;
			targetProxy = A72293481B983CAC00CCF6E8 /* PBXContainerItemProxy */;
		};
/* End PBXTargetDependency section */

/* Begin PBXVariantGroup section */
		A722933B1B983CAC00CCF6E8 /* Main.storyboard */ = {
			isa = PBXVariantGroup;
			children = (
				A722933C1B983CAC00CCF6E8 /* Base */,
				A794CF6E1BA82ABC00A64365 /* zh-Hans */,
			);
			name = Main.storyboard;
			sourceTree = "<group>";
		};
		A72293401B983CAC00CCF6E8 /* LaunchScreen.xib */ = {
			isa = PBXVariantGroup;
			children = (
				A72293411B983CAC00CCF6E8 /* Base */,
				A794CF6F1BA82ABC00A64365 /* zh-Hans */,
			);
			name = LaunchScreen.xib;
			sourceTree = "<group>";
		};
/* End PBXVariantGroup section */

/* Begin XCBuildConfiguration section */
		A722934F1B983CAC00CCF6E8 /* Debug */ = {
			isa = XCBuildConfiguration;
			buildSettings = {
				ALWAYS_SEARCH_USER_PATHS = NO;
				CLANG_CXX_LANGUAGE_STANDARD = "gnu++0x";
				CLANG_CXX_LIBRARY = "libc++";
				CLANG_ENABLE_MODULES = YES;
				CLANG_ENABLE_OBJC_ARC = YES;
				CLANG_WARN_BOOL_CONVERSION = YES;
				CLANG_WARN_CONSTANT_CONVERSION = YES;
				CLANG_WARN_DIRECT_OBJC_ISA_USAGE = YES_ERROR;
				CLANG_WARN_EMPTY_BODY = YES;
				CLANG_WARN_ENUM_CONVERSION = YES;
				CLANG_WARN_INT_CONVERSION = YES;
				CLANG_WARN_OBJC_ROOT_CLASS = YES_ERROR;
				CLANG_WARN_UNREACHABLE_CODE = YES;
				CLANG_WARN__DUPLICATE_METHOD_MATCH = YES;
				"CODE_SIGN_IDENTITY[sdk=iphoneos*]" = "iPhone Developer";
				COPY_PHASE_STRIP = NO;
				DEBUG_INFORMATION_FORMAT = "dwarf-with-dsym";
				ENABLE_STRICT_OBJC_MSGSEND = YES;
				GCC_C_LANGUAGE_STANDARD = gnu99;
				GCC_DYNAMIC_NO_PIC = NO;
				GCC_NO_COMMON_BLOCKS = YES;
				GCC_OPTIMIZATION_LEVEL = 0;
				GCC_PREPROCESSOR_DEFINITIONS = (
					"DEBUG=1",
					"$(inherited)",
				);
				GCC_SYMBOLS_PRIVATE_EXTERN = NO;
				GCC_WARN_64_TO_32_BIT_CONVERSION = YES;
				GCC_WARN_ABOUT_RETURN_TYPE = YES_ERROR;
				GCC_WARN_UNDECLARED_SELECTOR = YES;
				GCC_WARN_UNINITIALIZED_AUTOS = YES_AGGRESSIVE;
				GCC_WARN_UNUSED_FUNCTION = YES;
				GCC_WARN_UNUSED_VARIABLE = YES;
				IPHONEOS_DEPLOYMENT_TARGET = 8.4;
				MTL_ENABLE_DEBUG_INFO = YES;
				ONLY_ACTIVE_ARCH = YES;
				SDKROOT = iphoneos;
				SWIFT_OPTIMIZATION_LEVEL = "-Onone";
				TARGETED_DEVICE_FAMILY = "1,2";
			};
			name = Debug;
		};
		A72293501B983CAC00CCF6E8 /* Release */ = {
			isa = XCBuildConfiguration;
			buildSettings = {
				ALWAYS_SEARCH_USER_PATHS = NO;
				CLANG_CXX_LANGUAGE_STANDARD = "gnu++0x";
				CLANG_CXX_LIBRARY = "libc++";
				CLANG_ENABLE_MODULES = YES;
				CLANG_ENABLE_OBJC_ARC = YES;
				CLANG_WARN_BOOL_CONVERSION = YES;
				CLANG_WARN_CONSTANT_CONVERSION = YES;
				CLANG_WARN_DIRECT_OBJC_ISA_USAGE = YES_ERROR;
				CLANG_WARN_EMPTY_BODY = YES;
				CLANG_WARN_ENUM_CONVERSION = YES;
				CLANG_WARN_INT_CONVERSION = YES;
				CLANG_WARN_OBJC_ROOT_CLASS = YES_ERROR;
				CLANG_WARN_UNREACHABLE_CODE = YES;
				CLANG_WARN__DUPLICATE_METHOD_MATCH = YES;
				"CODE_SIGN_IDENTITY[sdk=iphoneos*]" = "iPhone Developer";
				COPY_PHASE_STRIP = NO;
				DEBUG_INFORMATION_FORMAT = "dwarf-with-dsym";
				ENABLE_NS_ASSERTIONS = NO;
				ENABLE_STRICT_OBJC_MSGSEND = YES;
				GCC_C_LANGUAGE_STANDARD = gnu99;
				GCC_NO_COMMON_BLOCKS = YES;
				GCC_WARN_64_TO_32_BIT_CONVERSION = YES;
				GCC_WARN_ABOUT_RETURN_TYPE = YES_ERROR;
				GCC_WARN_UNDECLARED_SELECTOR = YES;
				GCC_WARN_UNINITIALIZED_AUTOS = YES_AGGRESSIVE;
				GCC_WARN_UNUSED_FUNCTION = YES;
				GCC_WARN_UNUSED_VARIABLE = YES;
				IPHONEOS_DEPLOYMENT_TARGET = 8.4;
				MTL_ENABLE_DEBUG_INFO = NO;
				SDKROOT = iphoneos;
				TARGETED_DEVICE_FAMILY = "1,2";
				VALIDATE_PRODUCT = YES;
			};
			name = Release;
		};
		A72293521B983CAC00CCF6E8 /* Debug */ = {
			isa = XCBuildConfiguration;
			buildSettings = {
				ASSETCATALOG_COMPILER_APPICON_NAME = AppIcon;
				CLANG_ENABLE_MODULES = YES;
				FRAMEWORK_SEARCH_PATHS = (
					"$(inherited)",
					"$(PROJECT_DIR)",
				);
				INFOPLIST_FILE = GeoCompass/Info.plist;
				IPHONEOS_DEPLOYMENT_TARGET = 8.4;
				LD_RUNPATH_SEARCH_PATHS = "$(inherited) @executable_path/Frameworks";
				PRODUCT_NAME = "$(TARGET_NAME)";
				SWIFT_OBJC_BRIDGING_HEADER = "GeoCompass-Bridging-Header.h";
				SWIFT_OPTIMIZATION_LEVEL = "-Onone";
			};
			name = Debug;
		};
		A72293531B983CAC00CCF6E8 /* Release */ = {
			isa = XCBuildConfiguration;
			buildSettings = {
				ASSETCATALOG_COMPILER_APPICON_NAME = AppIcon;
				CLANG_ENABLE_MODULES = YES;
				FRAMEWORK_SEARCH_PATHS = (
					"$(inherited)",
					"$(PROJECT_DIR)",
				);
				INFOPLIST_FILE = GeoCompass/Info.plist;
				IPHONEOS_DEPLOYMENT_TARGET = 8.4;
				LD_RUNPATH_SEARCH_PATHS = "$(inherited) @executable_path/Frameworks";
				PRODUCT_NAME = "$(TARGET_NAME)";
				SWIFT_OBJC_BRIDGING_HEADER = "GeoCompass-Bridging-Header.h";
			};
			name = Release;
		};
		A72293551B983CAC00CCF6E8 /* Debug */ = {
			isa = XCBuildConfiguration;
			buildSettings = {
				BUNDLE_LOADER = "$(TEST_HOST)";
				FRAMEWORK_SEARCH_PATHS = (
					"$(SDKROOT)/Developer/Library/Frameworks",
					"$(inherited)",
				);
				GCC_PREPROCESSOR_DEFINITIONS = (
					"DEBUG=1",
					"$(inherited)",
				);
				INFOPLIST_FILE = GeoCompassTests/Info.plist;
				LD_RUNPATH_SEARCH_PATHS = "$(inherited) @executable_path/Frameworks @loader_path/Frameworks";
				PRODUCT_NAME = "$(TARGET_NAME)";
				TEST_HOST = "$(BUILT_PRODUCTS_DIR)/GeoCompass.app/GeoCompass";
			};
			name = Debug;
		};
		A72293561B983CAC00CCF6E8 /* Release */ = {
			isa = XCBuildConfiguration;
			buildSettings = {
				BUNDLE_LOADER = "$(TEST_HOST)";
				FRAMEWORK_SEARCH_PATHS = (
					"$(SDKROOT)/Developer/Library/Frameworks",
					"$(inherited)",
				);
				INFOPLIST_FILE = GeoCompassTests/Info.plist;
				LD_RUNPATH_SEARCH_PATHS = "$(inherited) @executable_path/Frameworks @loader_path/Frameworks";
				PRODUCT_NAME = "$(TARGET_NAME)";
				TEST_HOST = "$(BUILT_PRODUCTS_DIR)/GeoCompass.app/GeoCompass";
			};
			name = Release;
		};
/* End XCBuildConfiguration section */

/* Begin XCConfigurationList section */
		A722932B1B983CAC00CCF6E8 /* Build configuration list for PBXProject "GeoCompass" */ = {
			isa = XCConfigurationList;
			buildConfigurations = (
				A722934F1B983CAC00CCF6E8 /* Debug */,
				A72293501B983CAC00CCF6E8 /* Release */,
			);
			defaultConfigurationIsVisible = 0;
			defaultConfigurationName = Release;
		};
		A72293511B983CAC00CCF6E8 /* Build configuration list for PBXNativeTarget "GeoCompass" */ = {
			isa = XCConfigurationList;
			buildConfigurations = (
				A72293521B983CAC00CCF6E8 /* Debug */,
				A72293531B983CAC00CCF6E8 /* Release */,
			);
			defaultConfigurationIsVisible = 0;
			defaultConfigurationName = Release;
		};
		A72293541B983CAC00CCF6E8 /* Build configuration list for PBXNativeTarget "GeoCompassTests" */ = {
			isa = XCConfigurationList;
			buildConfigurations = (
				A72293551B983CAC00CCF6E8 /* Debug */,
				A72293561B983CAC00CCF6E8 /* Release */,
			);
			defaultConfigurationIsVisible = 0;
			defaultConfigurationName = Release;
		};
/* End XCConfigurationList section */

/* Begin XCVersionGroup section */
		A794CF701BA82BCB00A64365 /* Model.xcdatamodeld */ = {
			isa = XCVersionGroup;
			children = (
				A794CF711BA82BCB00A64365 /* Model.xcdatamodel */,
			);
			currentVersion = A794CF711BA82BCB00A64365 /* Model.xcdatamodel */;
			path = Model.xcdatamodeld;
			sourceTree = "<group>";
			versionGroupType = wrapper.xcdatamodel;
		};
/* End XCVersionGroup section */
	};
	rootObject = A72293281B983CAC00CCF6E8 /* Project object */;
}
